
Microsoft Visual Studio Solution File, Format Version 12.00
# Visual Studio Version 16
VisualStudioVersion = 16.0.29509.3
MinimumVisualStudioVersion = 10.0.40219.1
Project("{FAE04EC0-301F-11D3-BF4B-00C04F79EFBC}") = "FourthApp", "FourthApp\FourthApp.csproj", "{FDC451CE-6673-4C67-9C37-E05CE9012B5A}"
EndProject
Global
	GlobalSection(SolutionConfigurationPlatforms) = preSolution
		Debug|Any CPU = Debug|Any CPU
		Release|Any CPU = Release|Any CPU
	EndGlobalSection
	GlobalSection(ProjectConfigurationPlatforms) = postSolution
		{FDC451CE-6673-4C67-9C37-E05CE9012B5A}.Debug|Any CPU.ActiveCfg = Debug|Any CPU
		{FDC451CE-6673-4C67-9C37-E05CE9012B5A}.Debug|Any CPU.Build.0 = Debug|Any CPU
		{FDC451CE-6673-4C67-9C37-E05CE9012B5A}.Debug|Any CPU.Deploy.0 = Debug|Any CPU
		{FDC451CE-6673-4C67-9C37-E05CE9012B5A}.Release|Any CPU.ActiveCfg = Release|Any CPU
		{FDC451CE-6673-4C67-9C37-E05CE9012B5A}.Release|Any CPU.Build.0 = Release|Any CPU
		{FDC451CE-6673-4C67-9C37-E05CE9012B5A}.Release|Any CPU.Deploy.0 = Release|Any CPU
	EndGlobalSection
	GlobalSection(SolutionProperties) = preSolution
		HideSolutionNode = FALSE
	EndGlobalSection
	GlobalSection(ExtensibilityGlobals) = postSolution
		SolutionGuid = {151109FC-598C-48DA-9C48-B569977782BD}
	EndGlobalSection
EndGlobal
